
Microsoft Visual Studio Solution File, Format Version 12.00
# Visual Studio 2012
Project("{FAE04EC0-301F-11D3-BF4B-00C04F79EFBC}") = "Swashbuckle", "Swashbuckle\Swashbuckle.csproj", "{D08956C3-4831-4623-93FD-CB256953BCA1}"
EndProject
Project("{FAE04EC0-301F-11D3-BF4B-00C04F79EFBC}") = "Swashbuckle.TestApp", "Swashbuckle.TestApp\Swashbuckle.TestApp.csproj", "{BCE144C9-0658-4049-9C64-06577787B2B5}"
EndProject
Global
	GlobalSection(SolutionConfigurationPlatforms) = preSolution
		Debug|Any CPU = Debug|Any CPU
		Release|Any CPU = Release|Any CPU
	EndGlobalSection
	GlobalSection(ProjectConfigurationPlatforms) = postSolution
		{D08956C3-4831-4623-93FD-CB256953BCA1}.Debug|Any CPU.ActiveCfg = Debug|Any CPU
		{D08956C3-4831-4623-93FD-CB256953BCA1}.Debug|Any CPU.Build.0 = Debug|Any CPU
		{D08956C3-4831-4623-93FD-CB256953BCA1}.Release|Any CPU.ActiveCfg = Release|Any CPU
		{D08956C3-4831-4623-93FD-CB256953BCA1}.Release|Any CPU.Build.0 = Release|Any CPU
		{BCE144C9-0658-4049-9C64-06577787B2B5}.Debug|Any CPU.ActiveCfg = Debug|Any CPU
		{BCE144C9-0658-4049-9C64-06577787B2B5}.Debug|Any CPU.Build.0 = Debug|Any CPU
		{BCE144C9-0658-4049-9C64-06577787B2B5}.Release|Any CPU.ActiveCfg = Release|Any CPU
		{BCE144C9-0658-4049-9C64-06577787B2B5}.Release|Any CPU.Build.0 = Release|Any CPU
	EndGlobalSection
	GlobalSection(SolutionProperties) = preSolution
		HideSolutionNode = FALSE
	EndGlobalSection
EndGlobal
