
Microsoft Visual Studio Solution File, Format Version 12.00
# Visual Studio 14
VisualStudioVersion = 14.0.23107.0
MinimumVisualStudioVersion = 10.0.40219.1
Project("{E24C65DC-7377-472B-9ABA-BC803B73C61A}") = "swagger-ui", "http://localhost:55139", "{DDE07B02-DD45-4ABF-96D3-A4FBB144BBA1}"
	ProjectSection(WebsiteProperties) = preProject
		UseIISExpress = "true"
		TargetFrameworkMoniker = ".NETFramework,Version%3Dv4.0"
		Debug.AspNetCompiler.VirtualPath = "/localhost_55139"
		Debug.AspNetCompiler.PhysicalPath = "swagger-ui\"
		Debug.AspNetCompiler.TargetPath = "PrecompiledWeb\localhost_55139\"
		Debug.AspNetCompiler.Updateable = "true"
		Debug.AspNetCompiler.ForceOverwrite = "true"
		Debug.AspNetCompiler.FixedNames = "false"
		Debug.AspNetCompiler.Debug = "True"
		Release.AspNetCompiler.VirtualPath = "/localhost_55139"
		Release.AspNetCompiler.PhysicalPath = "swagger-ui\"
		Release.AspNetCompiler.TargetPath = "PrecompiledWeb\localhost_55139\"
		Release.AspNetCompiler.Updateable = "true"
		Release.AspNetCompiler.ForceOverwrite = "true"
		Release.AspNetCompiler.FixedNames = "false"
		Release.AspNetCompiler.Debug = "False"
		SlnRelativePath = "swagger-ui\"
	EndProjectSection
EndProject
Project("{2150E333-8FDC-42A3-9474-1A3956D46DE8}") = ".nuget", ".nuget", "{67E5A2D2-56E1-4195-AEAF-8F9812559F49}"
	ProjectSection(SolutionItems) = preProject
		.nuget\NuGet.Config = .nuget\NuGet.Config
		.nuget\NuGet.exe = .nuget\NuGet.exe
		.nuget\NuGet.targets = .nuget\NuGet.targets
	EndProjectSection
EndProject
Project("{FAE04EC0-301F-11D3-BF4B-00C04F79EFBC}") = "Swashbuckle.Core", "Swashbuckle.Core\Swashbuckle.Core.csproj", "{D50A26FF-02C6-4C16-BA94-4CD7D43EFBB3}"
EndProject
Project("{2150E333-8FDC-42A3-9474-1A3956D46DE8}") = "Tests", "Tests", "{6A2C69FA-6824-44F3-A1A5-1313050FA567}"
EndProject
Project("{FAE04EC0-301F-11D3-BF4B-00C04F79EFBC}") = "Swashbuckle.WebHost", "Swashbuckle.WebHost\Swashbuckle.WebHost.csproj", "{FE974ABE-021C-415C-BF57-041A42136AA1}"
EndProject
Project("{FAE04EC0-301F-11D3-BF4B-00C04F79EFBC}") = "Swashbuckle.Tests", "Swashbuckle.Tests\Swashbuckle.Tests.csproj", "{2F5D233D-F779-473E-9EEC-ACC58AC266ED}"
EndProject
Project("{FAE04EC0-301F-11D3-BF4B-00C04F79EFBC}") = "Swashbuckle.Dummy.WebHost", "Swashbuckle.Dummy.WebHost\Swashbuckle.Dummy.WebHost.csproj", "{E51BDA79-1942-490E-A1D4-E37235736D8A}"
EndProject
Project("{FAE04EC0-301F-11D3-BF4B-00C04F79EFBC}") = "Swashbuckle.Dummy.Core", "Swashbuckle.Dummy.Core\Swashbuckle.Dummy.Core.csproj", "{2DFE3931-747F-48C6-8530-B74710988095}"
EndProject
Project("{FAE04EC0-301F-11D3-BF4B-00C04F79EFBC}") = "Swashbuckle.Dummy.SelfHost", "Swashbuckle.Dummy.SelfHost\Swashbuckle.Dummy.SelfHost.csproj", "{2D1F2F73-5828-413C-9FD0-6F81A964C82D}"
EndProject
Project("{2150E333-8FDC-42A3-9474-1A3956D46DE8}") = "Solution Items", "Solution Items", "{C63363AF-2303-4489-8287-95D94C414663}"
	ProjectSection(SolutionItems) = preProject
		README.md = README.md
	EndProjectSection
EndProject
Global
	GlobalSection(SolutionConfigurationPlatforms) = preSolution
		Debug|Any CPU = Debug|Any CPU
		Release|Any CPU = Release|Any CPU
	EndGlobalSection
	GlobalSection(ProjectConfigurationPlatforms) = postSolution
		{DDE07B02-DD45-4ABF-96D3-A4FBB144BBA1}.Debug|Any CPU.ActiveCfg = Debug|Any CPU
		{DDE07B02-DD45-4ABF-96D3-A4FBB144BBA1}.Release|Any CPU.ActiveCfg = Debug|Any CPU
		{DDE07B02-DD45-4ABF-96D3-A4FBB144BBA1}.Release|Any CPU.Build.0 = Debug|Any CPU
		{D50A26FF-02C6-4C16-BA94-4CD7D43EFBB3}.Debug|Any CPU.ActiveCfg = Debug|Any CPU
		{D50A26FF-02C6-4C16-BA94-4CD7D43EFBB3}.Debug|Any CPU.Build.0 = Debug|Any CPU
		{D50A26FF-02C6-4C16-BA94-4CD7D43EFBB3}.Release|Any CPU.ActiveCfg = Release|Any CPU
		{D50A26FF-02C6-4C16-BA94-4CD7D43EFBB3}.Release|Any CPU.Build.0 = Release|Any CPU
		{FE974ABE-021C-415C-BF57-041A42136AA1}.Debug|Any CPU.ActiveCfg = Debug|Any CPU
		{FE974ABE-021C-415C-BF57-041A42136AA1}.Debug|Any CPU.Build.0 = Debug|Any CPU
		{FE974ABE-021C-415C-BF57-041A42136AA1}.Release|Any CPU.ActiveCfg = Release|Any CPU
		{FE974ABE-021C-415C-BF57-041A42136AA1}.Release|Any CPU.Build.0 = Release|Any CPU
		{2F5D233D-F779-473E-9EEC-ACC58AC266ED}.Debug|Any CPU.ActiveCfg = Debug|Any CPU
		{2F5D233D-F779-473E-9EEC-ACC58AC266ED}.Debug|Any CPU.Build.0 = Debug|Any CPU
		{2F5D233D-F779-473E-9EEC-ACC58AC266ED}.Release|Any CPU.ActiveCfg = Release|Any CPU
		{2F5D233D-F779-473E-9EEC-ACC58AC266ED}.Release|Any CPU.Build.0 = Release|Any CPU
		{E51BDA79-1942-490E-A1D4-E37235736D8A}.Debug|Any CPU.ActiveCfg = Debug|Any CPU
		{E51BDA79-1942-490E-A1D4-E37235736D8A}.Debug|Any CPU.Build.0 = Debug|Any CPU
		{E51BDA79-1942-490E-A1D4-E37235736D8A}.Release|Any CPU.ActiveCfg = Release|Any CPU
		{E51BDA79-1942-490E-A1D4-E37235736D8A}.Release|Any CPU.Build.0 = Release|Any CPU
		{2DFE3931-747F-48C6-8530-B74710988095}.Debug|Any CPU.ActiveCfg = Debug|Any CPU
		{2DFE3931-747F-48C6-8530-B74710988095}.Debug|Any CPU.Build.0 = Debug|Any CPU
		{2DFE3931-747F-48C6-8530-B74710988095}.Release|Any CPU.ActiveCfg = Release|Any CPU
		{2DFE3931-747F-48C6-8530-B74710988095}.Release|Any CPU.Build.0 = Release|Any CPU
		{2D1F2F73-5828-413C-9FD0-6F81A964C82D}.Debug|Any CPU.ActiveCfg = Debug|Any CPU
		{2D1F2F73-5828-413C-9FD0-6F81A964C82D}.Debug|Any CPU.Build.0 = Debug|Any CPU
		{2D1F2F73-5828-413C-9FD0-6F81A964C82D}.Release|Any CPU.ActiveCfg = Release|Any CPU
		{2D1F2F73-5828-413C-9FD0-6F81A964C82D}.Release|Any CPU.Build.0 = Release|Any CPU
	EndGlobalSection
	GlobalSection(SolutionProperties) = preSolution
		HideSolutionNode = FALSE
	EndGlobalSection
	GlobalSection(NestedProjects) = preSolution
		{2F5D233D-F779-473E-9EEC-ACC58AC266ED} = {6A2C69FA-6824-44F3-A1A5-1313050FA567}
		{E51BDA79-1942-490E-A1D4-E37235736D8A} = {6A2C69FA-6824-44F3-A1A5-1313050FA567}
		{2DFE3931-747F-48C6-8530-B74710988095} = {6A2C69FA-6824-44F3-A1A5-1313050FA567}
		{2D1F2F73-5828-413C-9FD0-6F81A964C82D} = {6A2C69FA-6824-44F3-A1A5-1313050FA567}
	EndGlobalSection
EndGlobal
